
Microsoft Visual Studio Solution File, Format Version 12.00
# Visual Studio 15
VisualStudioVersion = 15.0.27004.2009
MinimumVisualStudioVersion = 10.0.40219.1
Project("{FAE04EC0-301F-11D3-BF4B-00C04F79EFBC}") = "Library", "Library\Library.csproj", "{33745A51-EC1F-43F4-8A10-6A6C09D06324}"
EndProject
Project("{FAE04EC0-301F-11D3-BF4B-00C04F79EFBC}") = "WinForms", "WinForms\WinForms.csproj", "{A0F2F301-7C89-4353-ABAE-C099F6903F52}"
EndProject
Project("{FAE04EC0-301F-11D3-BF4B-00C04F79EFBC}") = "WebApp", "WebApp\WebApp.csproj", "{49C737A0-B1CF-4BBF-9F05-3B90E4B728AB}"
EndProject
Global
	GlobalSection(SolutionConfigurationPlatforms) = preSolution
		Debug|Any CPU = Debug|Any CPU
		Release|Any CPU = Release|Any CPU
	EndGlobalSection
	GlobalSection(ProjectConfigurationPlatforms) = postSolution
		{33745A51-EC1F-43F4-8A10-6A6C09D06324}.Debug|Any CPU.ActiveCfg = Debug|Any CPU
		{33745A51-EC1F-43F4-8A10-6A6C09D06324}.Debug|Any CPU.Build.0 = Debug|Any CPU
		{33745A51-EC1F-43F4-8A10-6A6C09D06324}.Release|Any CPU.ActiveCfg = Release|Any CPU
		{33745A51-EC1F-43F4-8A10-6A6C09D06324}.Release|Any CPU.Build.0 = Release|Any CPU
		{A0F2F301-7C89-4353-ABAE-C099F6903F52}.Debug|Any CPU.ActiveCfg = Debug|Any CPU
		{A0F2F301-7C89-4353-ABAE-C099F6903F52}.Debug|Any CPU.Build.0 = Debug|Any CPU
		{A0F2F301-7C89-4353-ABAE-C099F6903F52}.Release|Any CPU.ActiveCfg = Release|Any CPU
		{A0F2F301-7C89-4353-ABAE-C099F6903F52}.Release|Any CPU.Build.0 = Release|Any CPU
		{49C737A0-B1CF-4BBF-9F05-3B90E4B728AB}.Debug|Any CPU.ActiveCfg = Debug|Any CPU
		{49C737A0-B1CF-4BBF-9F05-3B90E4B728AB}.Debug|Any CPU.Build.0 = Debug|Any CPU
		{49C737A0-B1CF-4BBF-9F05-3B90E4B728AB}.Release|Any CPU.ActiveCfg = Release|Any CPU
		{49C737A0-B1CF-4BBF-9F05-3B90E4B728AB}.Release|Any CPU.Build.0 = Release|Any CPU
	EndGlobalSection
	GlobalSection(SolutionProperties) = preSolution
		HideSolutionNode = FALSE
	EndGlobalSection
	GlobalSection(ExtensibilityGlobals) = postSolution
		SolutionGuid = {ECFF6366-20F7-46ED-84E0-74DF8D9752B2}
	EndGlobalSection
EndGlobal
